
Microsoft Visual Studio Solution File, Format Version 12.00
# Visual Studio Version 16
VisualStudioVersion = 16.0.31702.278
MinimumVisualStudioVersion = 10.0.40219.1
Project("{FAE04EC0-301F-11D3-BF4B-00C04F79EFBC}") = "AHBC Lab3", "AHBC Lab3\AHBC Lab3.csproj", "{7E2DF677-5154-433B-A204-2AA38270B438}"
EndProject
Global
	GlobalSection(SolutionConfigurationPlatforms) = preSolution
		Debug|Any CPU = Debug|Any CPU
		Release|Any CPU = Release|Any CPU
	EndGlobalSection
	GlobalSection(ProjectConfigurationPlatforms) = postSolution
		{7E2DF677-5154-433B-A204-2AA38270B438}.Debug|Any CPU.ActiveCfg = Debug|Any CPU
		{7E2DF677-5154-433B-A204-2AA38270B438}.Debug|Any CPU.Build.0 = Debug|Any CPU
		{7E2DF677-5154-433B-A204-2AA38270B438}.Release|Any CPU.ActiveCfg = Release|Any CPU
		{7E2DF677-5154-433B-A204-2AA38270B438}.Release|Any CPU.Build.0 = Release|Any CPU
	EndGlobalSection
	GlobalSection(SolutionProperties) = preSolution
		HideSolutionNode = FALSE
	EndGlobalSection
	GlobalSection(ExtensibilityGlobals) = postSolution
		SolutionGuid = {CD982FC5-28F1-4DC1-92C0-B8486F496E6F}
	EndGlobalSection
EndGlobal
